
Microsoft Visual Studio Solution File, Format Version 12.00
# Visual Studio Version 17
VisualStudioVersion = 17.8.34525.116
MinimumVisualStudioVersion = 10.0.40219.1
Project("{FAE04EC0-301F-11D3-BF4B-00C04F79EFBC}") = "CRUDTRES", "CRUDTRES.csproj", "{9DFE2A5E-BB9D-4391-89A5-5CA1988ED464}"
EndProject
Global
	GlobalSection(SolutionConfigurationPlatforms) = preSolution
		Debug|Any CPU = Debug|Any CPU
		Release|Any CPU = Release|Any CPU
	EndGlobalSection
	GlobalSection(ProjectConfigurationPlatforms) = postSolution
		{9DFE2A5E-BB9D-4391-89A5-5CA1988ED464}.Debug|Any CPU.ActiveCfg = Debug|Any CPU
		{9DFE2A5E-BB9D-4391-89A5-5CA1988ED464}.Debug|Any CPU.Build.0 = Debug|Any CPU
		{9DFE2A5E-BB9D-4391-89A5-5CA1988ED464}.Release|Any CPU.ActiveCfg = Release|Any CPU
		{9DFE2A5E-BB9D-4391-89A5-5CA1988ED464}.Release|Any CPU.Build.0 = Release|Any CPU
	EndGlobalSection
	GlobalSection(SolutionProperties) = preSolution
		HideSolutionNode = FALSE
	EndGlobalSection
	GlobalSection(ExtensibilityGlobals) = postSolution
		SolutionGuid = {AFAF9E99-E011-4966-AA95-23379D8C06A1}
	EndGlobalSection
EndGlobal
